# This file is automatically @generated by Cargo.
# It is not intended for manual editing.
[[package]]
name = "eosio"
version = "0.3.0"
source = "registry+https://github.com/rust-lang/crates.io-index"
checksum = "d05ecbd23251ad5bdaa01266a4696dd8da436ea28dfff18e32d36fd0fedade5e"
dependencies = [
 "eosio_macros",
 "eosio_numstr",
]

[[package]]
name = "eosio_cdt"
version = "0.3.0"
source = "registry+https://github.com/rust-lang/crates.io-index"
checksum = "a609e21fc656413009aaa7d7a405b04a444d880381574311f9ce0205024d54e7"
dependencies = [
 "eosio",
 "eosio_cdt_sys",
]

[[package]]
name = "eosio_cdt_sys"
version = "0.3.0"
source = "registry+https://github.com/rust-lang/crates.io-index"
checksum = "c8fddd8a0337f6863d521e2eeeff522548230adea9edc88c4dd9636335e9b3b1"

[[package]]
name = "eosio_macros"
version = "0.3.0"
source = "registry+https://github.com/rust-lang/crates.io-index"
checksum = "1d3cafe14e20312b367ceb1d3acb3f9ed8332e674996d5ce7375582ce4d0db67"
dependencies = [
 "eosio_macros_internal",
 "proc-macro-hack",
]

[[package]]
name = "eosio_macros_internal"
version = "0.3.0"
source = "registry+https://github.com/rust-lang/crates.io-index"
checksum = "39de66bd4868da33e5f6d8c092bf6772731d284e3166f69b039e9a8da4bb75d7"
dependencies = [
 "eosio_numstr",
 "heck",
 "proc-macro-hack",
 "proc-macro2",
 "quote",
 "syn",
]

[[package]]
name = "eosio_numstr"
version = "0.3.0"
source = "registry+https://github.com/rust-lang/crates.io-index"
checksum = "ebb4259a7dd6920cd7e8b3f53bac4af13d7cc22311ba2f1b1a2ea5615d371932"

[[package]]
name = "heck"
version = "0.3.1"
source = "registry+https://github.com/rust-lang/crates.io-index"
checksum = "20564e78d53d2bb135c343b3f47714a56af2061f1c928fdb541dc7b9fdd94205"
dependencies = [
 "unicode-segmentation",
]

[[package]]
name = "ppap"
version = "0.1.0"
dependencies = [
 "eosio",
 "eosio_cdt",
]

[[package]]
name = "proc-macro-hack"
version = "0.5.11"
source = "registry+https://github.com/rust-lang/crates.io-index"
checksum = "ecd45702f76d6d3c75a80564378ae228a85f0b59d2f3ed43c91b4a69eb2ebfc5"
dependencies = [
 "proc-macro2",
 "quote",
 "syn",
]

[[package]]
name = "proc-macro2"
version = "1.0.8"
source = "registry+https://github.com/rust-lang/crates.io-index"
checksum = "3acb317c6ff86a4e579dfa00fc5e6cca91ecbb4e7eb2df0468805b674eb88548"
dependencies = [
 "unicode-xid",
]

[[package]]
name = "quote"
version = "1.0.2"
source = "registry+https://github.com/rust-lang/crates.io-index"
checksum = "053a8c8bcc71fcce321828dc897a98ab9760bef03a4fc36693c231e5b3216cfe"
dependencies = [
 "proc-macro2",
]

[[package]]
name = "syn"
version = "1.0.14"
source = "registry+https://github.com/rust-lang/crates.io-index"
checksum = "af6f3550d8dff9ef7dc34d384ac6f107e5d31c8f57d9f28e0081503f547ac8f5"
dependencies = [
 "proc-macro2",
 "quote",
 "unicode-xid",
]

[[package]]
name = "unicode-segmentation"
version = "1.6.0"
source = "registry+https://github.com/rust-lang/crates.io-index"
checksum = "e83e153d1053cbb5a118eeff7fd5be06ed99153f00dbcd8ae310c5fb2b22edc0"

[[package]]
name = "unicode-xid"
version = "0.2.0"
source = "registry+https://github.com/rust-lang/crates.io-index"
checksum = "826e7639553986605ec5979c7dd957c7895e93eabed50ab2ffa7f6128a75097c"
